// !$*UTF8*$!
{
	archiveVersion = 1;
	classes = {
	};
	objectVersion = 50;
	objects = {

/* Begin PBXBuildFile section */
		497341DB8A44E350254232C7 /* libPods-RecipleaseTests.a in Frameworks */ = {isa = PBXBuildFile; fileRef = 860C4B475DCA6EE552294A94 /* libPods-RecipleaseTests.a */; };
		94107886233A72A500C3FEBB /* RecipeFetcherTests.swift in Sources */ = {isa = PBXBuildFile; fileRef = 94107885233A72A500C3FEBB /* RecipeFetcherTests.swift */; };
		9410788D233A792500C3FEBB /* FakeNetworkSession.swift in Sources */ = {isa = PBXBuildFile; fileRef = 9410788C233A792500C3FEBB /* FakeNetworkSession.swift */; };
		94115D9B233968D00004F16D /* Recipes.json in Resources */ = {isa = PBXBuildFile; fileRef = 94115D9A233968D00004F16D /* Recipes.json */; };
		94115D9E233A1C1B0004F16D /* NetworkService.swift in Sources */ = {isa = PBXBuildFile; fileRef = 94115D9D233A1C1B0004F16D /* NetworkService.swift */; };
		943153692332959B0034F306 /* TestIngredientListForSearch.swift in Sources */ = {isa = PBXBuildFile; fileRef = 943153682332959B0034F306 /* TestIngredientListForSearch.swift */; };
		94383E5A233133B00022473D /* RecipeTableViewCell.swift in Sources */ = {isa = PBXBuildFile; fileRef = 94383E59233133B00022473D /* RecipeTableViewCell.swift */; };
		94383E5C233134FD0022473D /* RecipeListViewController.swift in Sources */ = {isa = PBXBuildFile; fileRef = 94383E5B233134FD0022473D /* RecipeListViewController.swift */; };
		94383E5F233135670022473D /* .swiftlint.yml in Resources */ = {isa = PBXBuildFile; fileRef = 94383E5E233135670022473D /* .swiftlint.yml */; };
		94383E6123313BB10022473D /* RecipeViewController.swift in Sources */ = {isa = PBXBuildFile; fileRef = 94383E6023313BB10022473D /* RecipeViewController.swift */; };
		9482C03D23437EEE0076E5DD /* FakeResponseData.swift in Sources */ = {isa = PBXBuildFile; fileRef = 9482C03C23437EEE0076E5DD /* FakeResponseData.swift */; };
		94AAB0B62338F2C8008CA9B3 /* RecipesFetcher.swift in Sources */ = {isa = PBXBuildFile; fileRef = 94AAB0B52338F2C8008CA9B3 /* RecipesFetcher.swift */; };
		94AAB0BD23391299008CA9B3 /* DataDecoder.swift in Sources */ = {isa = PBXBuildFile; fileRef = 94AAB0BC23391299008CA9B3 /* DataDecoder.swift */; };
		94B684B5232FD3FB00F09A56 /* AppDelegate.swift in Sources */ = {isa = PBXBuildFile; fileRef = 94B684B4232FD3FB00F09A56 /* AppDelegate.swift */; };
		94B684BA232FD3FB00F09A56 /* Main.storyboard in Resources */ = {isa = PBXBuildFile; fileRef = 94B684B8232FD3FB00F09A56 /* Main.storyboard */; };
		94B684BF232FD3FD00F09A56 /* Assets.xcassets in Resources */ = {isa = PBXBuildFile; fileRef = 94B684BE232FD3FD00F09A56 /* Assets.xcassets */; };
		94B684C2232FD3FD00F09A56 /* LaunchScreen.storyboard in Resources */ = {isa = PBXBuildFile; fileRef = 94B684C0232FD3FD00F09A56 /* LaunchScreen.storyboard */; };
		94B684D82330F2BB00F09A56 /* PreSearchViewController.swift in Sources */ = {isa = PBXBuildFile; fileRef = 94B684D72330F2BB00F09A56 /* PreSearchViewController.swift */; };
		94B684DA2330FE1E00F09A56 /* IngredientTableViewCell.swift in Sources */ = {isa = PBXBuildFile; fileRef = 94B684D92330FE1E00F09A56 /* IngredientTableViewCell.swift */; };
		94BA535B233264D100CE5622 /* Recipe.swift in Sources */ = {isa = PBXBuildFile; fileRef = 94BA535A233264D100CE5622 /* Recipe.swift */; };
		94BA535D2332657C00CE5622 /* Ingredient.swift in Sources */ = {isa = PBXBuildFile; fileRef = 94BA535C2332657C00CE5622 /* Ingredient.swift */; };
		94BA535F233292D300CE5622 /* IngredientListForSearch.swift in Sources */ = {isa = PBXBuildFile; fileRef = 94BA535E233292D300CE5622 /* IngredientListForSearch.swift */; };
		94DAAD242336149F00AEF5CD /* UIViewController + Extension.swift in Sources */ = {isa = PBXBuildFile; fileRef = 94DAAD232336149F00AEF5CD /* UIViewController + Extension.swift */; };
		94E08D6823425A8C00DAB3AC /* IntroduceTableViewCell.swift in Sources */ = {isa = PBXBuildFile; fileRef = 94E08D6723425A8C00DAB3AC /* IntroduceTableViewCell.swift */; };
		D6AC42CCB07E8DB8104008D4 /* libPods-Reciplease.a in Frameworks */ = {isa = PBXBuildFile; fileRef = 6CCA87F1AAF91AD74B85F72B /* libPods-Reciplease.a */; };
/* End PBXBuildFile section */

/* Begin PBXContainerItemProxy section */
		94B684C9232FD3FD00F09A56 /* PBXContainerItemProxy */ = {
			isa = PBXContainerItemProxy;
			containerPortal = 94B684A9232FD3FB00F09A56 /* Project object */;
			proxyType = 1;
			remoteGlobalIDString = 94B684B0232FD3FB00F09A56;
			remoteInfo = Reciplease;
		};
/* End PBXContainerItemProxy section */

/* Begin PBXFileReference section */
		53BCF0B45816685DAF77176E /* Pods-Reciplease.debug.xcconfig */ = {isa = PBXFileReference; includeInIndex = 1; lastKnownFileType = text.xcconfig; name = "Pods-Reciplease.debug.xcconfig"; path = "Target Support Files/Pods-Reciplease/Pods-Reciplease.debug.xcconfig"; sourceTree = "<group>"; };
		6CCA87F1AAF91AD74B85F72B /* libPods-Reciplease.a */ = {isa = PBXFileReference; explicitFileType = archive.ar; includeInIndex = 0; path = "libPods-Reciplease.a"; sourceTree = BUILT_PRODUCTS_DIR; };
		860C4B475DCA6EE552294A94 /* libPods-RecipleaseTests.a */ = {isa = PBXFileReference; explicitFileType = archive.ar; includeInIndex = 0; path = "libPods-RecipleaseTests.a"; sourceTree = BUILT_PRODUCTS_DIR; };
		8E732413D98FA5EF1872FD6B /* Pods-Reciplease.release.xcconfig */ = {isa = PBXFileReference; includeInIndex = 1; lastKnownFileType = text.xcconfig; name = "Pods-Reciplease.release.xcconfig"; path = "Target Support Files/Pods-Reciplease/Pods-Reciplease.release.xcconfig"; sourceTree = "<group>"; };
		94107885233A72A500C3FEBB /* RecipeFetcherTests.swift */ = {isa = PBXFileReference; lastKnownFileType = sourcecode.swift; path = RecipeFetcherTests.swift; sourceTree = "<group>"; };
		9410788C233A792500C3FEBB /* FakeNetworkSession.swift */ = {isa = PBXFileReference; lastKnownFileType = sourcecode.swift; path = FakeNetworkSession.swift; sourceTree = "<group>"; };
		94115D9A233968D00004F16D /* Recipes.json */ = {isa = PBXFileReference; lastKnownFileType = text.json; path = Recipes.json; sourceTree = "<group>"; };
		94115D9D233A1C1B0004F16D /* NetworkService.swift */ = {isa = PBXFileReference; lastKnownFileType = sourcecode.swift; path = NetworkService.swift; sourceTree = "<group>"; };
		943153682332959B0034F306 /* TestIngredientListForSearch.swift */ = {isa = PBXFileReference; lastKnownFileType = sourcecode.swift; path = TestIngredientListForSearch.swift; sourceTree = "<group>"; };
		9431536A233295E00034F306 /* RecipleaseTests-Bridging-Header.h */ = {isa = PBXFileReference; lastKnownFileType = sourcecode.c.h; path = "RecipleaseTests-Bridging-Header.h"; sourceTree = "<group>"; };
		94383E59233133B00022473D /* RecipeTableViewCell.swift */ = {isa = PBXFileReference; lastKnownFileType = sourcecode.swift; path = RecipeTableViewCell.swift; sourceTree = "<group>"; };
		94383E5B233134FD0022473D /* RecipeListViewController.swift */ = {isa = PBXFileReference; lastKnownFileType = sourcecode.swift; path = RecipeListViewController.swift; sourceTree = "<group>"; };
		94383E5E233135670022473D /* .swiftlint.yml */ = {isa = PBXFileReference; lastKnownFileType = text; path = .swiftlint.yml; sourceTree = "<group>"; };
		94383E6023313BB10022473D /* RecipeViewController.swift */ = {isa = PBXFileReference; lastKnownFileType = sourcecode.swift; path = RecipeViewController.swift; sourceTree = "<group>"; };
		9482C03C23437EEE0076E5DD /* FakeResponseData.swift */ = {isa = PBXFileReference; lastKnownFileType = sourcecode.swift; path = FakeResponseData.swift; sourceTree = "<group>"; };
		94AAB0B52338F2C8008CA9B3 /* RecipesFetcher.swift */ = {isa = PBXFileReference; lastKnownFileType = sourcecode.swift; path = RecipesFetcher.swift; sourceTree = "<group>"; };
		94AAB0BC23391299008CA9B3 /* DataDecoder.swift */ = {isa = PBXFileReference; lastKnownFileType = sourcecode.swift; path = DataDecoder.swift; sourceTree = "<group>"; };
		94B684B1232FD3FB00F09A56 /* Reciplease.app */ = {isa = PBXFileReference; explicitFileType = wrapper.application; includeInIndex = 0; path = Reciplease.app; sourceTree = BUILT_PRODUCTS_DIR; };
		94B684B4232FD3FB00F09A56 /* AppDelegate.swift */ = {isa = PBXFileReference; lastKnownFileType = sourcecode.swift; path = AppDelegate.swift; sourceTree = "<group>"; };
		94B684B9232FD3FB00F09A56 /* Base */ = {isa = PBXFileReference; lastKnownFileType = file.storyboard; name = Base; path = Base.lproj/Main.storyboard; sourceTree = "<group>"; };
		94B684BE232FD3FD00F09A56 /* Assets.xcassets */ = {isa = PBXFileReference; lastKnownFileType = folder.assetcatalog; path = Assets.xcassets; sourceTree = "<group>"; };
		94B684C1232FD3FD00F09A56 /* Base */ = {isa = PBXFileReference; lastKnownFileType = file.storyboard; name = Base; path = Base.lproj/LaunchScreen.storyboard; sourceTree = "<group>"; };
		94B684C3232FD3FD00F09A56 /* Info.plist */ = {isa = PBXFileReference; lastKnownFileType = text.plist.xml; path = Info.plist; sourceTree = "<group>"; };
		94B684C8232FD3FD00F09A56 /* RecipleaseTests.xctest */ = {isa = PBXFileReference; explicitFileType = wrapper.cfbundle; includeInIndex = 0; path = RecipleaseTests.xctest; sourceTree = BUILT_PRODUCTS_DIR; };
		94B684CE232FD3FD00F09A56 /* Info.plist */ = {isa = PBXFileReference; lastKnownFileType = text.plist.xml; path = Info.plist; sourceTree = "<group>"; };
		94B684D72330F2BB00F09A56 /* PreSearchViewController.swift */ = {isa = PBXFileReference; lastKnownFileType = sourcecode.swift; path = PreSearchViewController.swift; sourceTree = "<group>"; };
		94B684D92330FE1E00F09A56 /* IngredientTableViewCell.swift */ = {isa = PBXFileReference; lastKnownFileType = sourcecode.swift; path = IngredientTableViewCell.swift; sourceTree = "<group>"; };
		94BA535A233264D100CE5622 /* Recipe.swift */ = {isa = PBXFileReference; lastKnownFileType = sourcecode.swift; path = Recipe.swift; sourceTree = "<group>"; };
		94BA535C2332657C00CE5622 /* Ingredient.swift */ = {isa = PBXFileReference; lastKnownFileType = sourcecode.swift; path = Ingredient.swift; sourceTree = "<group>"; };
		94BA535E233292D300CE5622 /* IngredientListForSearch.swift */ = {isa = PBXFileReference; lastKnownFileType = sourcecode.swift; path = IngredientListForSearch.swift; sourceTree = "<group>"; };
		94DAAD232336149F00AEF5CD /* UIViewController + Extension.swift */ = {isa = PBXFileReference; lastKnownFileType = sourcecode.swift; path = "UIViewController + Extension.swift"; sourceTree = "<group>"; };
		94E08D6723425A8C00DAB3AC /* IntroduceTableViewCell.swift */ = {isa = PBXFileReference; lastKnownFileType = sourcecode.swift; path = IntroduceTableViewCell.swift; sourceTree = "<group>"; };
		A0096E3716EC81DDD82E8242 /* Pods-RecipleaseTests.debug.xcconfig */ = {isa = PBXFileReference; includeInIndex = 1; lastKnownFileType = text.xcconfig; name = "Pods-RecipleaseTests.debug.xcconfig"; path = "Target Support Files/Pods-RecipleaseTests/Pods-RecipleaseTests.debug.xcconfig"; sourceTree = "<group>"; };
		EFA90C4430A6BB4558466C9B /* Pods-RecipleaseTests.release.xcconfig */ = {isa = PBXFileReference; includeInIndex = 1; lastKnownFileType = text.xcconfig; name = "Pods-RecipleaseTests.release.xcconfig"; path = "Target Support Files/Pods-RecipleaseTests/Pods-RecipleaseTests.release.xcconfig"; sourceTree = "<group>"; };
/* End PBXFileReference section */

/* Begin PBXFrameworksBuildPhase section */
		94B684AE232FD3FB00F09A56 /* Frameworks */ = {
			isa = PBXFrameworksBuildPhase;
			buildActionMask = 2147483647;
			files = (
				D6AC42CCB07E8DB8104008D4 /* libPods-Reciplease.a in Frameworks */,
			);
			runOnlyForDeploymentPostprocessing = 0;
		};
		94B684C5232FD3FD00F09A56 /* Frameworks */ = {
			isa = PBXFrameworksBuildPhase;
			buildActionMask = 2147483647;
			files = (
				497341DB8A44E350254232C7 /* libPods-RecipleaseTests.a in Frameworks */,
			);
			runOnlyForDeploymentPostprocessing = 0;
		};
/* End PBXFrameworksBuildPhase section */

/* Begin PBXGroup section */
		4724CA36F16235B1AF1A12CF /* Pods */ = {
			isa = PBXGroup;
			children = (
				53BCF0B45816685DAF77176E /* Pods-Reciplease.debug.xcconfig */,
				8E732413D98FA5EF1872FD6B /* Pods-Reciplease.release.xcconfig */,
				A0096E3716EC81DDD82E8242 /* Pods-RecipleaseTests.debug.xcconfig */,
				EFA90C4430A6BB4558466C9B /* Pods-RecipleaseTests.release.xcconfig */,
			);
			path = Pods;
			sourceTree = "<group>";
		};
		7008DABE1DD7FB824951772F /* Frameworks */ = {
			isa = PBXGroup;
			children = (
				6CCA87F1AAF91AD74B85F72B /* libPods-Reciplease.a */,
				860C4B475DCA6EE552294A94 /* libPods-RecipleaseTests.a */,
			);
			name = Frameworks;
			sourceTree = "<group>";
		};
		94107888233A72AD00C3FEBB /* Networking */ = {
			isa = PBXGroup;
			children = (
				9410788C233A792500C3FEBB /* FakeNetworkSession.swift */,
				94115D9A233968D00004F16D /* Recipes.json */,
				94107885233A72A500C3FEBB /* RecipeFetcherTests.swift */,
			);
			name = Networking;
			sourceTree = "<group>";
		};
		94383E54233109A10022473D /* Model */ = {
			isa = PBXGroup;
			children = (
				94BA535E233292D300CE5622 /* IngredientListForSearch.swift */,
				94BA535A233264D100CE5622 /* Recipe.swift */,
				94BA535C2332657C00CE5622 /* Ingredient.swift */,
				94AAB0BB23391279008CA9B3 /* JSONDecoding */,
				94AAB0B42338F2A3008CA9B3 /* Networking */,
			);
			name = Model;
			sourceTree = "<group>";
		};
		94383E55233109AC0022473D /* View */ = {
			isa = PBXGroup;
			children = (
				94B684B8232FD3FB00F09A56 /* Main.storyboard */,
				94383E59233133B00022473D /* RecipeTableViewCell.swift */,
				94E08D6723425A8C00DAB3AC /* IntroduceTableViewCell.swift */,
				94B684D92330FE1E00F09A56 /* IngredientTableViewCell.swift */,
			);
			name = View;
			sourceTree = "<group>";
		};
		94383E56233109B10022473D /* Controller */ = {
			isa = PBXGroup;
			children = (
				94383E6023313BB10022473D /* RecipeViewController.swift */,
				94383E5B233134FD0022473D /* RecipeListViewController.swift */,
				94B684D72330F2BB00F09A56 /* PreSearchViewController.swift */,
				94DAAD232336149F00AEF5CD /* UIViewController + Extension.swift */,
			);
			name = Controller;
			sourceTree = "<group>";
		};
		94383E57233109C70022473D /* Supporting Files */ = {
			isa = PBXGroup;
			children = (
				94383E5E233135670022473D /* .swiftlint.yml */,
				94B684BE232FD3FD00F09A56 /* Assets.xcassets */,
				94B684B4232FD3FB00F09A56 /* AppDelegate.swift */,
				94B684C0232FD3FD00F09A56 /* LaunchScreen.storyboard */,
				94B684C3232FD3FD00F09A56 /* Info.plist */,
			);
			name = "Supporting Files";
			sourceTree = "<group>";
		};
		94AAB0B42338F2A3008CA9B3 /* Networking */ = {
			isa = PBXGroup;
			children = (
				94115D9D233A1C1B0004F16D /* NetworkService.swift */,
				9482C03C23437EEE0076E5DD /* FakeResponseData.swift */,
				94AAB0B52338F2C8008CA9B3 /* RecipesFetcher.swift */,
			);
			name = Networking;
			sourceTree = "<group>";
		};
		94AAB0BB23391279008CA9B3 /* JSONDecoding */ = {
			isa = PBXGroup;
			children = (
				94AAB0BC23391299008CA9B3 /* DataDecoder.swift */,
			);
			name = JSONDecoding;
			sourceTree = "<group>";
		};
		94B684A8232FD3FB00F09A56 = {
			isa = PBXGroup;
			children = (
				94B684B3232FD3FB00F09A56 /* Reciplease */,
				94B684CB232FD3FD00F09A56 /* RecipleaseTests */,
				94B684B2232FD3FB00F09A56 /* Products */,
				4724CA36F16235B1AF1A12CF /* Pods */,
				7008DABE1DD7FB824951772F /* Frameworks */,
			);
			sourceTree = "<group>";
		};
		94B684B2232FD3FB00F09A56 /* Products */ = {
			isa = PBXGroup;
			children = (
				94B684B1232FD3FB00F09A56 /* Reciplease.app */,
				94B684C8232FD3FD00F09A56 /* RecipleaseTests.xctest */,
			);
			name = Products;
			sourceTree = "<group>";
		};
		94B684B3232FD3FB00F09A56 /* Reciplease */ = {
			isa = PBXGroup;
			children = (
				94383E54233109A10022473D /* Model */,
				94383E55233109AC0022473D /* View */,
				94383E56233109B10022473D /* Controller */,
				94383E57233109C70022473D /* Supporting Files */,
			);
			path = Reciplease;
			sourceTree = "<group>";
		};
		94B684CB232FD3FD00F09A56 /* RecipleaseTests */ = {
			isa = PBXGroup;
			children = (
				9431536A233295E00034F306 /* RecipleaseTests-Bridging-Header.h */,
				943153682332959B0034F306 /* TestIngredientListForSearch.swift */,
				94107888233A72AD00C3FEBB /* Networking */,
				94B684CE232FD3FD00F09A56 /* Info.plist */,
			);
			path = RecipleaseTests;
			sourceTree = "<group>";
		};
/* End PBXGroup section */

/* Begin PBXNativeTarget section */
		94B684B0232FD3FB00F09A56 /* Reciplease */ = {
			isa = PBXNativeTarget;
			buildConfigurationList = 94B684D1232FD3FD00F09A56 /* Build configuration list for PBXNativeTarget "Reciplease" */;
			buildPhases = (
				69B58A2E2F9B1FBE7CFF5808 /* [CP] Check Pods Manifest.lock */,
				94B684AD232FD3FB00F09A56 /* Sources */,
				94B684AE232FD3FB00F09A56 /* Frameworks */,
				94B684AF232FD3FB00F09A56 /* Resources */,
				94AAB0BA23390A16008CA9B3 /* ShellScript */,
			);
			buildRules = (
			);
			dependencies = (
			);
			name = Reciplease;
			productName = Reciplease;
			productReference = 94B684B1232FD3FB00F09A56 /* Reciplease.app */;
			productType = "com.apple.product-type.application";
		};
		94B684C7232FD3FD00F09A56 /* RecipleaseTests */ = {
			isa = PBXNativeTarget;
			buildConfigurationList = 94B684D4232FD3FD00F09A56 /* Build configuration list for PBXNativeTarget "RecipleaseTests" */;
			buildPhases = (
				B95BFA3893EFD88536950B93 /* [CP] Check Pods Manifest.lock */,
				94B684C4232FD3FD00F09A56 /* Sources */,
				94B684C5232FD3FD00F09A56 /* Frameworks */,
				94B684C6232FD3FD00F09A56 /* Resources */,
			);
			buildRules = (
			);
			dependencies = (
				94B684CA232FD3FD00F09A56 /* PBXTargetDependency */,
			);
			name = RecipleaseTests;
			productName = RecipleaseTests;
			productReference = 94B684C8232FD3FD00F09A56 /* RecipleaseTests.xctest */;
			productType = "com.apple.product-type.bundle.unit-test";
		};
/* End PBXNativeTarget section */

/* Begin PBXProject section */
		94B684A9232FD3FB00F09A56 /* Project object */ = {
			isa = PBXProject;
			attributes = {
				LastSwiftUpdateCheck = 1030;
				LastUpgradeCheck = 1030;
				ORGANIZATIONNAME = "Paul Leclerc";
				TargetAttributes = {
					94B684B0232FD3FB00F09A56 = {
						CreatedOnToolsVersion = 10.3;
					};
					94B684C7232FD3FD00F09A56 = {
						CreatedOnToolsVersion = 10.3;
						LastSwiftMigration = 1030;
						TestTargetID = 94B684B0232FD3FB00F09A56;
					};
				};
			};
			buildConfigurationList = 94B684AC232FD3FB00F09A56 /* Build configuration list for PBXProject "Reciplease" */;
			compatibilityVersion = "Xcode 9.3";
			developmentRegion = en;
			hasScannedForEncodings = 0;
			knownRegions = (
				en,
				Base,
			);
			mainGroup = 94B684A8232FD3FB00F09A56;
			productRefGroup = 94B684B2232FD3FB00F09A56 /* Products */;
			projectDirPath = "";
			projectRoot = "";
			targets = (
				94B684B0232FD3FB00F09A56 /* Reciplease */,
				94B684C7232FD3FD00F09A56 /* RecipleaseTests */,
			);
		};
/* End PBXProject section */

/* Begin PBXResourcesBuildPhase section */
		94B684AF232FD3FB00F09A56 /* Resources */ = {
			isa = PBXResourcesBuildPhase;
			buildActionMask = 2147483647;
			files = (
				94383E5F233135670022473D /* .swiftlint.yml in Resources */,
				94B684C2232FD3FD00F09A56 /* LaunchScreen.storyboard in Resources */,
				94B684BF232FD3FD00F09A56 /* Assets.xcassets in Resources */,
				94B684BA232FD3FB00F09A56 /* Main.storyboard in Resources */,
			);
			runOnlyForDeploymentPostprocessing = 0;
		};
		94B684C6232FD3FD00F09A56 /* Resources */ = {
			isa = PBXResourcesBuildPhase;
			buildActionMask = 2147483647;
			files = (
				94115D9B233968D00004F16D /* Recipes.json in Resources */,
			);
			runOnlyForDeploymentPostprocessing = 0;
		};
/* End PBXResourcesBuildPhase section */

/* Begin PBXShellScriptBuildPhase section */
		69B58A2E2F9B1FBE7CFF5808 /* [CP] Check Pods Manifest.lock */ = {
			isa = PBXShellScriptBuildPhase;
			buildActionMask = 2147483647;
			files = (
			);
			inputFileListPaths = (
			);
			inputPaths = (
				"${PODS_PODFILE_DIR_PATH}/Podfile.lock",
				"${PODS_ROOT}/Manifest.lock",
			);
			name = "[CP] Check Pods Manifest.lock";
			outputFileListPaths = (
			);
			outputPaths = (
				"$(DERIVED_FILE_DIR)/Pods-Reciplease-checkManifestLockResult.txt",
			);
			runOnlyForDeploymentPostprocessing = 0;
			shellPath = /bin/sh;
			shellScript = "diff \"${PODS_PODFILE_DIR_PATH}/Podfile.lock\" \"${PODS_ROOT}/Manifest.lock\" > /dev/null\nif [ $? != 0 ] ; then\n    # print error to STDERR\n    echo \"error: The sandbox is not in sync with the Podfile.lock. Run 'pod install' or update your CocoaPods installation.\" >&2\n    exit 1\nfi\n# This output is used by Xcode 'outputs' to avoid re-running this script phase.\necho \"SUCCESS\" > \"${SCRIPT_OUTPUT_FILE_0}\"\n";
			showEnvVarsInLog = 0;
		};
		94AAB0BA23390A16008CA9B3 /* ShellScript */ = {
			isa = PBXShellScriptBuildPhase;
			buildActionMask = 2147483647;
			files = (
			);
			inputFileListPaths = (
			);
			inputPaths = (
			);
			outputFileListPaths = (
			);
			outputPaths = (
			);
			runOnlyForDeploymentPostprocessing = 0;
			shellPath = /bin/sh;
			shellScript = "# Type a script or drag a script file from your workspace to insert its path.\nswiftlint\n";
		};
		B95BFA3893EFD88536950B93 /* [CP] Check Pods Manifest.lock */ = {
			isa = PBXShellScriptBuildPhase;
			buildActionMask = 2147483647;
			files = (
			);
			inputFileListPaths = (
			);
			inputPaths = (
				"${PODS_PODFILE_DIR_PATH}/Podfile.lock",
				"${PODS_ROOT}/Manifest.lock",
			);
			name = "[CP] Check Pods Manifest.lock";
			outputFileListPaths = (
			);
			outputPaths = (
				"$(DERIVED_FILE_DIR)/Pods-RecipleaseTests-checkManifestLockResult.txt",
			);
			runOnlyForDeploymentPostprocessing = 0;
			shellPath = /bin/sh;
			shellScript = "diff \"${PODS_PODFILE_DIR_PATH}/Podfile.lock\" \"${PODS_ROOT}/Manifest.lock\" > /dev/null\nif [ $? != 0 ] ; then\n    # print error to STDERR\n    echo \"error: The sandbox is not in sync with the Podfile.lock. Run 'pod install' or update your CocoaPods installation.\" >&2\n    exit 1\nfi\n# This output is used by Xcode 'outputs' to avoid re-running this script phase.\necho \"SUCCESS\" > \"${SCRIPT_OUTPUT_FILE_0}\"\n";
			showEnvVarsInLog = 0;
		};
/* End PBXShellScriptBuildPhase section */

/* Begin PBXSourcesBuildPhase section */
		94B684AD232FD3FB00F09A56 /* Sources */ = {
			isa = PBXSourcesBuildPhase;
			buildActionMask = 2147483647;
			files = (
				94AAB0BD23391299008CA9B3 /* DataDecoder.swift in Sources */,
				9482C03D23437EEE0076E5DD /* FakeResponseData.swift in Sources */,
				94B684DA2330FE1E00F09A56 /* IngredientTableViewCell.swift in Sources */,
				94383E5A233133B00022473D /* RecipeTableViewCell.swift in Sources */,
				94BA535D2332657C00CE5622 /* Ingredient.swift in Sources */,
				94383E6123313BB10022473D /* RecipeViewController.swift in Sources */,
				94383E5C233134FD0022473D /* RecipeListViewController.swift in Sources */,
				94B684D82330F2BB00F09A56 /* PreSearchViewController.swift in Sources */,
				94BA535F233292D300CE5622 /* IngredientListForSearch.swift in Sources */,
				94AAB0B62338F2C8008CA9B3 /* RecipesFetcher.swift in Sources */,
				94B684B5232FD3FB00F09A56 /* AppDelegate.swift in Sources */,
				94115D9E233A1C1B0004F16D /* NetworkService.swift in Sources */,
				94BA535B233264D100CE5622 /* Recipe.swift in Sources */,
				94E08D6823425A8C00DAB3AC /* IntroduceTableViewCell.swift in Sources */,
				94DAAD242336149F00AEF5CD /* UIViewController + Extension.swift in Sources */,
			);
			runOnlyForDeploymentPostprocessing = 0;
		};
		94B684C4232FD3FD00F09A56 /* Sources */ = {
			isa = PBXSourcesBuildPhase;
			buildActionMask = 2147483647;
			files = (
				9410788D233A792500C3FEBB /* FakeNetworkSession.swift in Sources */,
				943153692332959B0034F306 /* TestIngredientListForSearch.swift in Sources */,
				94107886233A72A500C3FEBB /* RecipeFetcherTests.swift in Sources */,
			);
			runOnlyForDeploymentPostprocessing = 0;
		};
/* End PBXSourcesBuildPhase section */

/* Begin PBXTargetDependency section */
		94B684CA232FD3FD00F09A56 /* PBXTargetDependency */ = {
			isa = PBXTargetDependency;
			target = 94B684B0232FD3FB00F09A56 /* Reciplease */;
			targetProxy = 94B684C9232FD3FD00F09A56 /* PBXContainerItemProxy */;
		};
/* End PBXTargetDependency section */

/* Begin PBXVariantGroup section */
		94B684B8232FD3FB00F09A56 /* Main.storyboard */ = {
			isa = PBXVariantGroup;
			children = (
				94B684B9232FD3FB00F09A56 /* Base */,
			);
			name = Main.storyboard;
			sourceTree = "<group>";
		};
		94B684C0232FD3FD00F09A56 /* LaunchScreen.storyboard */ = {
			isa = PBXVariantGroup;
			children = (
				94B684C1232FD3FD00F09A56 /* Base */,
			);
			name = LaunchScreen.storyboard;
			sourceTree = "<group>";
		};
/* End PBXVariantGroup section */

/* Begin XCBuildConfiguration section */
		94B684CF232FD3FD00F09A56 /* Debug */ = {
			isa = XCBuildConfiguration;
			buildSettings = {
				ALWAYS_SEARCH_USER_PATHS = NO;
				CLANG_ANALYZER_NONNULL = YES;
				CLANG_ANALYZER_NUMBER_OBJECT_CONVERSION = YES_AGGRESSIVE;
				CLANG_CXX_LANGUAGE_STANDARD = "gnu++14";
				CLANG_CXX_LIBRARY = "libc++";
				CLANG_ENABLE_MODULES = YES;
				CLANG_ENABLE_OBJC_ARC = YES;
				CLANG_ENABLE_OBJC_WEAK = YES;
				CLANG_WARN_BLOCK_CAPTURE_AUTORELEASING = YES;
				CLANG_WARN_BOOL_CONVERSION = YES;
				CLANG_WARN_COMMA = YES;
				CLANG_WARN_CONSTANT_CONVERSION = YES;
				CLANG_WARN_DEPRECATED_OBJC_IMPLEMENTATIONS = YES;
				CLANG_WARN_DIRECT_OBJC_ISA_USAGE = YES_ERROR;
				CLANG_WARN_DOCUMENTATION_COMMENTS = YES;
				CLANG_WARN_EMPTY_BODY = YES;
				CLANG_WARN_ENUM_CONVERSION = YES;
				CLANG_WARN_INFINITE_RECURSION = YES;
				CLANG_WARN_INT_CONVERSION = YES;
				CLANG_WARN_NON_LITERAL_NULL_CONVERSION = YES;
				CLANG_WARN_OBJC_IMPLICIT_RETAIN_SELF = YES;
				CLANG_WARN_OBJC_LITERAL_CONVERSION = YES;
				CLANG_WARN_OBJC_ROOT_CLASS = YES_ERROR;
				CLANG_WARN_RANGE_LOOP_ANALYSIS = YES;
				CLANG_WARN_STRICT_PROTOTYPES = YES;
				CLANG_WARN_SUSPICIOUS_MOVE = YES;
				CLANG_WARN_UNGUARDED_AVAILABILITY = YES_AGGRESSIVE;
				CLANG_WARN_UNREACHABLE_CODE = YES;
				CLANG_WARN__DUPLICATE_METHOD_MATCH = YES;
				CODE_SIGN_IDENTITY = "iPhone Developer";
				COPY_PHASE_STRIP = NO;
				DEBUG_INFORMATION_FORMAT = dwarf;
				ENABLE_STRICT_OBJC_MSGSEND = YES;
				ENABLE_TESTABILITY = YES;
				GCC_C_LANGUAGE_STANDARD = gnu11;
				GCC_DYNAMIC_NO_PIC = NO;
				GCC_NO_COMMON_BLOCKS = YES;
				GCC_OPTIMIZATION_LEVEL = 0;
				GCC_PREPROCESSOR_DEFINITIONS = (
					"DEBUG=1",
					"$(inherited)",
				);
				GCC_WARN_64_TO_32_BIT_CONVERSION = YES;
				GCC_WARN_ABOUT_RETURN_TYPE = YES_ERROR;
				GCC_WARN_UNDECLARED_SELECTOR = YES;
				GCC_WARN_UNINITIALIZED_AUTOS = YES_AGGRESSIVE;
				GCC_WARN_UNUSED_FUNCTION = YES;
				GCC_WARN_UNUSED_VARIABLE = YES;
				IPHONEOS_DEPLOYMENT_TARGET = 13.0;
				MTL_ENABLE_DEBUG_INFO = INCLUDE_SOURCE;
				MTL_FAST_MATH = YES;
				ONLY_ACTIVE_ARCH = YES;
				SDKROOT = iphoneos;
				SWIFT_ACTIVE_COMPILATION_CONDITIONS = DEBUG;
				SWIFT_OPTIMIZATION_LEVEL = "-Onone";
			};
			name = Debug;
		};
		94B684D0232FD3FD00F09A56 /* Release */ = {
			isa = XCBuildConfiguration;
			buildSettings = {
				ALWAYS_SEARCH_USER_PATHS = NO;
				CLANG_ANALYZER_NONNULL = YES;
				CLANG_ANALYZER_NUMBER_OBJECT_CONVERSION = YES_AGGRESSIVE;
				CLANG_CXX_LANGUAGE_STANDARD = "gnu++14";
				CLANG_CXX_LIBRARY = "libc++";
				CLANG_ENABLE_MODULES = YES;
				CLANG_ENABLE_OBJC_ARC = YES;
				CLANG_ENABLE_OBJC_WEAK = YES;
				CLANG_WARN_BLOCK_CAPTURE_AUTORELEASING = YES;
				CLANG_WARN_BOOL_CONVERSION = YES;
				CLANG_WARN_COMMA = YES;
				CLANG_WARN_CONSTANT_CONVERSION = YES;
				CLANG_WARN_DEPRECATED_OBJC_IMPLEMENTATIONS = YES;
				CLANG_WARN_DIRECT_OBJC_ISA_USAGE = YES_ERROR;
				CLANG_WARN_DOCUMENTATION_COMMENTS = YES;
				CLANG_WARN_EMPTY_BODY = YES;
				CLANG_WARN_ENUM_CONVERSION = YES;
				CLANG_WARN_INFINITE_RECURSION = YES;
				CLANG_WARN_INT_CONVERSION = YES;
				CLANG_WARN_NON_LITERAL_NULL_CONVERSION = YES;
				CLANG_WARN_OBJC_IMPLICIT_RETAIN_SELF = YES;
				CLANG_WARN_OBJC_LITERAL_CONVERSION = YES;
				CLANG_WARN_OBJC_ROOT_CLASS = YES_ERROR;
				CLANG_WARN_RANGE_LOOP_ANALYSIS = YES;
				CLANG_WARN_STRICT_PROTOTYPES = YES;
				CLANG_WARN_SUSPICIOUS_MOVE = YES;
				CLANG_WARN_UNGUARDED_AVAILABILITY = YES_AGGRESSIVE;
				CLANG_WARN_UNREACHABLE_CODE = YES;
				CLANG_WARN__DUPLICATE_METHOD_MATCH = YES;
				CODE_SIGN_IDENTITY = "iPhone Developer";
				COPY_PHASE_STRIP = NO;
				DEBUG_INFORMATION_FORMAT = "dwarf-with-dsym";
				ENABLE_NS_ASSERTIONS = NO;
				ENABLE_STRICT_OBJC_MSGSEND = YES;
				GCC_C_LANGUAGE_STANDARD = gnu11;
				GCC_NO_COMMON_BLOCKS = YES;
				GCC_WARN_64_TO_32_BIT_CONVERSION = YES;
				GCC_WARN_ABOUT_RETURN_TYPE = YES_ERROR;
				GCC_WARN_UNDECLARED_SELECTOR = YES;
				GCC_WARN_UNINITIALIZED_AUTOS = YES_AGGRESSIVE;
				GCC_WARN_UNUSED_FUNCTION = YES;
				GCC_WARN_UNUSED_VARIABLE = YES;
				IPHONEOS_DEPLOYMENT_TARGET = 13.0;
				MTL_ENABLE_DEBUG_INFO = NO;
				MTL_FAST_MATH = YES;
				SDKROOT = iphoneos;
				SWIFT_COMPILATION_MODE = wholemodule;
				SWIFT_OPTIMIZATION_LEVEL = "-O";
				VALIDATE_PRODUCT = YES;
			};
			name = Release;
		};
		94B684D2232FD3FD00F09A56 /* Debug */ = {
			isa = XCBuildConfiguration;
			baseConfigurationReference = 53BCF0B45816685DAF77176E /* Pods-Reciplease.debug.xcconfig */;
			buildSettings = {
				ASSETCATALOG_COMPILER_APPICON_NAME = AppIcon;
				CODE_SIGN_STYLE = Automatic;
				DEVELOPMENT_TEAM = QW59HMZCU4;
				INFOPLIST_FILE = Reciplease/Info.plist;
				IPHONEOS_DEPLOYMENT_TARGET = 13.0;
				LD_RUNPATH_SEARCH_PATHS = (
					"$(inherited)",
					"@executable_path/Frameworks",
				);
				PRODUCT_BUNDLE_IDENTIFIER = com.paulleclerc.Reciplease;
				PRODUCT_NAME = "$(TARGET_NAME)";
				SWIFT_VERSION = 5.0;
				TARGETED_DEVICE_FAMILY = 1;
			};
			name = Debug;
		};
		94B684D3232FD3FD00F09A56 /* Release */ = {
			isa = XCBuildConfiguration;
			baseConfigurationReference = 8E732413D98FA5EF1872FD6B /* Pods-Reciplease.release.xcconfig */;
			buildSettings = {
				ASSETCATALOG_COMPILER_APPICON_NAME = AppIcon;
				CODE_SIGN_STYLE = Automatic;
				DEVELOPMENT_TEAM = QW59HMZCU4;
				INFOPLIST_FILE = Reciplease/Info.plist;
				IPHONEOS_DEPLOYMENT_TARGET = 13.0;
				LD_RUNPATH_SEARCH_PATHS = (
					"$(inherited)",
					"@executable_path/Frameworks",
				);
				PRODUCT_BUNDLE_IDENTIFIER = com.paulleclerc.Reciplease;
				PRODUCT_NAME = "$(TARGET_NAME)";
				SWIFT_VERSION = 5.0;
				TARGETED_DEVICE_FAMILY = 1;
			};
			name = Release;
		};
		94B684D5232FD3FD00F09A56 /* Debug */ = {
			isa = XCBuildConfiguration;
			baseConfigurationReference = A0096E3716EC81DDD82E8242 /* Pods-RecipleaseTests.debug.xcconfig */;
			buildSettings = {
				ALWAYS_EMBED_SWIFT_STANDARD_LIBRARIES = YES;
				BUNDLE_LOADER = "$(TEST_HOST)";
				CLANG_ENABLE_MODULES = YES;
				CODE_SIGN_STYLE = Automatic;
				DEVELOPMENT_TEAM = QW59HMZCU4;
				INFOPLIST_FILE = RecipleaseTests/Info.plist;
				LD_RUNPATH_SEARCH_PATHS = (
					"$(inherited)",
					"@executable_path/Frameworks",
					"@loader_path/Frameworks",
				);
				PRODUCT_BUNDLE_IDENTIFIER = com.paulleclerc.RecipleaseTests;
				PRODUCT_NAME = "$(TARGET_NAME)";
				SWIFT_OBJC_BRIDGING_HEADER = "RecipleaseTests/RecipleaseTests-Bridging-Header.h";
				SWIFT_OPTIMIZATION_LEVEL = "-Onone";
				SWIFT_VERSION = 5.0;
				TARGETED_DEVICE_FAMILY = "1,2";
				TEST_HOST = "$(BUILT_PRODUCTS_DIR)/Reciplease.app/Reciplease";
			};
			name = Debug;
		};
		94B684D6232FD3FD00F09A56 /* Release */ = {
			isa = XCBuildConfiguration;
			baseConfigurationReference = EFA90C4430A6BB4558466C9B /* Pods-RecipleaseTests.release.xcconfig */;
			buildSettings = {
				ALWAYS_EMBED_SWIFT_STANDARD_LIBRARIES = YES;
				BUNDLE_LOADER = "$(TEST_HOST)";
				CLANG_ENABLE_MODULES = YES;
				CODE_SIGN_STYLE = Automatic;
				DEVELOPMENT_TEAM = QW59HMZCU4;
				INFOPLIST_FILE = RecipleaseTests/Info.plist;
				LD_RUNPATH_SEARCH_PATHS = (
					"$(inherited)",
					"@executable_path/Frameworks",
					"@loader_path/Frameworks",
				);
				PRODUCT_BUNDLE_IDENTIFIER = com.paulleclerc.RecipleaseTests;
				PRODUCT_NAME = "$(TARGET_NAME)";
				SWIFT_OBJC_BRIDGING_HEADER = "RecipleaseTests/RecipleaseTests-Bridging-Header.h";
				SWIFT_VERSION = 5.0;
				TARGETED_DEVICE_FAMILY = "1,2";
				TEST_HOST = "$(BUILT_PRODUCTS_DIR)/Reciplease.app/Reciplease";
			};
			name = Release;
		};
/* End XCBuildConfiguration section */

/* Begin XCConfigurationList section */
		94B684AC232FD3FB00F09A56 /* Build configuration list for PBXProject "Reciplease" */ = {
			isa = XCConfigurationList;
			buildConfigurations = (
				94B684CF232FD3FD00F09A56 /* Debug */,
				94B684D0232FD3FD00F09A56 /* Release */,
			);
			defaultConfigurationIsVisible = 0;
			defaultConfigurationName = Release;
		};
		94B684D1232FD3FD00F09A56 /* Build configuration list for PBXNativeTarget "Reciplease" */ = {
			isa = XCConfigurationList;
			buildConfigurations = (
				94B684D2232FD3FD00F09A56 /* Debug */,
				94B684D3232FD3FD00F09A56 /* Release */,
			);
			defaultConfigurationIsVisible = 0;
			defaultConfigurationName = Release;
		};
		94B684D4232FD3FD00F09A56 /* Build configuration list for PBXNativeTarget "RecipleaseTests" */ = {
			isa = XCConfigurationList;
			buildConfigurations = (
				94B684D5232FD3FD00F09A56 /* Debug */,
				94B684D6232FD3FD00F09A56 /* Release */,
			);
			defaultConfigurationIsVisible = 0;
			defaultConfigurationName = Release;
		};
/* End XCConfigurationList section */
	};
	rootObject = 94B684A9232FD3FB00F09A56 /* Project object */;
}
